// !$*UTF8*$!
{
	archiveVersion = 1;
	classes = {
	};
	objectVersion = 56;
	objects = {

/* Begin PBXBuildFile section */
		0366A5412CB50CC4D2D8CBF4 /* Pods_ios_iosUITests.framework in Frameworks */ = {isa = PBXBuildFile; fileRef = D5994B3136A2A97ACE99F9F2 /* Pods_ios_iosUITests.framework */; };
		82DC410D97745DF836CCD015 /* Pods_ios.framework in Frameworks */ = {isa = PBXBuildFile; fileRef = D02A50BC2BD4C3EB1BA17DCD /* Pods_ios.framework */; };
		91F8817929431C4000EC0935 /* iosApp.swift in Sources */ = {isa = PBXBuildFile; fileRef = 91F8817829431C4000EC0935 /* iosApp.swift */; };
		91F8817B29431C4000EC0935 /* ContentView.swift in Sources */ = {isa = PBXBuildFile; fileRef = 91F8817A29431C4000EC0935 /* ContentView.swift */; };
		91F8817D29431C4100EC0935 /* Assets.xcassets in Resources */ = {isa = PBXBuildFile; fileRef = 91F8817C29431C4100EC0935 /* Assets.xcassets */; };
		91F8818029431C4100EC0935 /* Preview Assets.xcassets in Resources */ = {isa = PBXBuildFile; fileRef = 91F8817F29431C4100EC0935 /* Preview Assets.xcassets */; };
		91F8818229431C4100EC0935 /* Persistence.swift in Sources */ = {isa = PBXBuildFile; fileRef = 91F8818129431C4100EC0935 /* Persistence.swift */; };
		91F8818529431C4100EC0935 /* ios.xcdatamodeld in Sources */ = {isa = PBXBuildFile; fileRef = 91F8818329431C4100EC0935 /* ios.xcdatamodeld */; };
		91F8818F29431C4100EC0935 /* iosTests.swift in Sources */ = {isa = PBXBuildFile; fileRef = 91F8818E29431C4100EC0935 /* iosTests.swift */; };
		91F8819929431C4100EC0935 /* iosUITests.swift in Sources */ = {isa = PBXBuildFile; fileRef = 91F8819829431C4100EC0935 /* iosUITests.swift */; };
		91F8819B29431C4100EC0935 /* iosUITestsLaunchTests.swift in Sources */ = {isa = PBXBuildFile; fileRef = 91F8819A29431C4100EC0935 /* iosUITestsLaunchTests.swift */; };
		DCC72D8823D5EA0C8510C961 /* Pods_iosTests.framework in Frameworks */ = {isa = PBXBuildFile; fileRef = CDF6318EC965C8B7AA7E8C12 /* Pods_iosTests.framework */; };
/* End PBXBuildFile section */

/* Begin PBXContainerItemProxy section */
		91F8818B29431C4100EC0935 /* PBXContainerItemProxy */ = {
			isa = PBXContainerItemProxy;
			containerPortal = 91F8816D29431C4000EC0935 /* Project object */;
			proxyType = 1;
			remoteGlobalIDString = 91F8817429431C4000EC0935;
			remoteInfo = ios;
		};
		91F8819529431C4100EC0935 /* PBXContainerItemProxy */ = {
			isa = PBXContainerItemProxy;
			containerPortal = 91F8816D29431C4000EC0935 /* Project object */;
			proxyType = 1;
			remoteGlobalIDString = 91F8817429431C4000EC0935;
			remoteInfo = ios;
		};
/* End PBXContainerItemProxy section */

/* Begin PBXFileReference section */
		82C53DDCB23B05DFBB2C906D /* Pods-iosTests.debug.xcconfig */ = {isa = PBXFileReference; includeInIndex = 1; lastKnownFileType = text.xcconfig; name = "Pods-iosTests.debug.xcconfig"; path = "Target Support Files/Pods-iosTests/Pods-iosTests.debug.xcconfig"; sourceTree = "<group>"; };
		91F8817529431C4000EC0935 /* ios.app */ = {isa = PBXFileReference; explicitFileType = wrapper.application; includeInIndex = 0; path = ios.app; sourceTree = BUILT_PRODUCTS_DIR; };
		91F8817829431C4000EC0935 /* iosApp.swift */ = {isa = PBXFileReference; lastKnownFileType = sourcecode.swift; path = iosApp.swift; sourceTree = "<group>"; };
		91F8817A29431C4000EC0935 /* ContentView.swift */ = {isa = PBXFileReference; lastKnownFileType = sourcecode.swift; path = ContentView.swift; sourceTree = "<group>"; };
		91F8817C29431C4100EC0935 /* Assets.xcassets */ = {isa = PBXFileReference; lastKnownFileType = folder.assetcatalog; path = Assets.xcassets; sourceTree = "<group>"; };
		91F8817F29431C4100EC0935 /* Preview Assets.xcassets */ = {isa = PBXFileReference; lastKnownFileType = folder.assetcatalog; path = "Preview Assets.xcassets"; sourceTree = "<group>"; };
		91F8818129431C4100EC0935 /* Persistence.swift */ = {isa = PBXFileReference; lastKnownFileType = sourcecode.swift; path = Persistence.swift; sourceTree = "<group>"; };
		91F8818429431C4100EC0935 /* ios.xcdatamodel */ = {isa = PBXFileReference; lastKnownFileType = wrapper.xcdatamodel; path = ios.xcdatamodel; sourceTree = "<group>"; };
		91F8818A29431C4100EC0935 /* iosTests.xctest */ = {isa = PBXFileReference; explicitFileType = wrapper.cfbundle; includeInIndex = 0; path = iosTests.xctest; sourceTree = BUILT_PRODUCTS_DIR; };
		91F8818E29431C4100EC0935 /* iosTests.swift */ = {isa = PBXFileReference; lastKnownFileType = sourcecode.swift; path = iosTests.swift; sourceTree = "<group>"; };
		91F8819429431C4100EC0935 /* iosUITests.xctest */ = {isa = PBXFileReference; explicitFileType = wrapper.cfbundle; includeInIndex = 0; path = iosUITests.xctest; sourceTree = BUILT_PRODUCTS_DIR; };
		91F8819829431C4100EC0935 /* iosUITests.swift */ = {isa = PBXFileReference; lastKnownFileType = sourcecode.swift; path = iosUITests.swift; sourceTree = "<group>"; };
		91F8819A29431C4100EC0935 /* iosUITestsLaunchTests.swift */ = {isa = PBXFileReference; lastKnownFileType = sourcecode.swift; path = iosUITestsLaunchTests.swift; sourceTree = "<group>"; };
		9EEB303A95FDF16DF8E769E3 /* Pods-ios.release.xcconfig */ = {isa = PBXFileReference; includeInIndex = 1; lastKnownFileType = text.xcconfig; name = "Pods-ios.release.xcconfig"; path = "Target Support Files/Pods-ios/Pods-ios.release.xcconfig"; sourceTree = "<group>"; };
		BE1B846BA3DB9716310D5654 /* Pods-ios-iosUITests.debug.xcconfig */ = {isa = PBXFileReference; includeInIndex = 1; lastKnownFileType = text.xcconfig; name = "Pods-ios-iosUITests.debug.xcconfig"; path = "Target Support Files/Pods-ios-iosUITests/Pods-ios-iosUITests.debug.xcconfig"; sourceTree = "<group>"; };
		CDF6318EC965C8B7AA7E8C12 /* Pods_iosTests.framework */ = {isa = PBXFileReference; explicitFileType = wrapper.framework; includeInIndex = 0; path = Pods_iosTests.framework; sourceTree = BUILT_PRODUCTS_DIR; };
		D02A50BC2BD4C3EB1BA17DCD /* Pods_ios.framework */ = {isa = PBXFileReference; explicitFileType = wrapper.framework; includeInIndex = 0; path = Pods_ios.framework; sourceTree = BUILT_PRODUCTS_DIR; };
		D5994B3136A2A97ACE99F9F2 /* Pods_ios_iosUITests.framework */ = {isa = PBXFileReference; explicitFileType = wrapper.framework; includeInIndex = 0; path = Pods_ios_iosUITests.framework; sourceTree = BUILT_PRODUCTS_DIR; };
		E7691B329B835F350FA01815 /* Pods-iosTests.release.xcconfig */ = {isa = PBXFileReference; includeInIndex = 1; lastKnownFileType = text.xcconfig; name = "Pods-iosTests.release.xcconfig"; path = "Target Support Files/Pods-iosTests/Pods-iosTests.release.xcconfig"; sourceTree = "<group>"; };
		EC6E0EE7E35463612742A0D6 /* Pods-ios.debug.xcconfig */ = {isa = PBXFileReference; includeInIndex = 1; lastKnownFileType = text.xcconfig; name = "Pods-ios.debug.xcconfig"; path = "Target Support Files/Pods-ios/Pods-ios.debug.xcconfig"; sourceTree = "<group>"; };
		EF9D71162D1D75C81D13EB13 /* Pods-ios-iosUITests.release.xcconfig */ = {isa = PBXFileReference; includeInIndex = 1; lastKnownFileType = text.xcconfig; name = "Pods-ios-iosUITests.release.xcconfig"; path = "Target Support Files/Pods-ios-iosUITests/Pods-ios-iosUITests.release.xcconfig"; sourceTree = "<group>"; };
/* End PBXFileReference section */

/* Begin PBXFrameworksBuildPhase section */
		91F8817229431C4000EC0935 /* Frameworks */ = {
			isa = PBXFrameworksBuildPhase;
			buildActionMask = 2147483647;
			files = (
				82DC410D97745DF836CCD015 /* Pods_ios.framework in Frameworks */,
			);
			runOnlyForDeploymentPostprocessing = 0;
		};
		91F8818729431C4100EC0935 /* Frameworks */ = {
			isa = PBXFrameworksBuildPhase;
			buildActionMask = 2147483647;
			files = (
				DCC72D8823D5EA0C8510C961 /* Pods_iosTests.framework in Frameworks */,
			);
			runOnlyForDeploymentPostprocessing = 0;
		};
		91F8819129431C4100EC0935 /* Frameworks */ = {
			isa = PBXFrameworksBuildPhase;
			buildActionMask = 2147483647;
			files = (
				0366A5412CB50CC4D2D8CBF4 /* Pods_ios_iosUITests.framework in Frameworks */,
			);
			runOnlyForDeploymentPostprocessing = 0;
		};
/* End PBXFrameworksBuildPhase section */

/* Begin PBXGroup section */
		91F8816C29431C4000EC0935 = {
			isa = PBXGroup;
			children = (
				91F8817729431C4000EC0935 /* ios */,
				91F8818D29431C4100EC0935 /* iosTests */,
				91F8819729431C4100EC0935 /* iosUITests */,
				91F8817629431C4000EC0935 /* Products */,
				EB7F9EF37594279C6EAF5113 /* Pods */,
				FDDD49AEDDB93D0CFF24C8EF /* Frameworks */,
			);
			sourceTree = "<group>";
		};
		91F8817629431C4000EC0935 /* Products */ = {
			isa = PBXGroup;
			children = (
				91F8817529431C4000EC0935 /* ios.app */,
				91F8818A29431C4100EC0935 /* iosTests.xctest */,
				91F8819429431C4100EC0935 /* iosUITests.xctest */,
			);
			name = Products;
			sourceTree = "<group>";
		};
		91F8817729431C4000EC0935 /* ios */ = {
			isa = PBXGroup;
			children = (
				91F8817829431C4000EC0935 /* iosApp.swift */,
				91F8817A29431C4000EC0935 /* ContentView.swift */,
				91F8817C29431C4100EC0935 /* Assets.xcassets */,
				91F8818129431C4100EC0935 /* Persistence.swift */,
				91F8818329431C4100EC0935 /* ios.xcdatamodeld */,
				91F8817E29431C4100EC0935 /* Preview Content */,
			);
			path = ios;
			sourceTree = "<group>";
		};
		91F8817E29431C4100EC0935 /* Preview Content */ = {
			isa = PBXGroup;
			children = (
				91F8817F29431C4100EC0935 /* Preview Assets.xcassets */,
			);
			path = "Preview Content";
			sourceTree = "<group>";
		};
		91F8818D29431C4100EC0935 /* iosTests */ = {
			isa = PBXGroup;
			children = (
				91F8818E29431C4100EC0935 /* iosTests.swift */,
			);
			path = iosTests;
			sourceTree = "<group>";
		};
		91F8819729431C4100EC0935 /* iosUITests */ = {
			isa = PBXGroup;
			children = (
				91F8819829431C4100EC0935 /* iosUITests.swift */,
				91F8819A29431C4100EC0935 /* iosUITestsLaunchTests.swift */,
			);
			path = iosUITests;
			sourceTree = "<group>";
		};
		EB7F9EF37594279C6EAF5113 /* Pods */ = {
			isa = PBXGroup;
			children = (
				EC6E0EE7E35463612742A0D6 /* Pods-ios.debug.xcconfig */,
				9EEB303A95FDF16DF8E769E3 /* Pods-ios.release.xcconfig */,
				BE1B846BA3DB9716310D5654 /* Pods-ios-iosUITests.debug.xcconfig */,
				EF9D71162D1D75C81D13EB13 /* Pods-ios-iosUITests.release.xcconfig */,
				82C53DDCB23B05DFBB2C906D /* Pods-iosTests.debug.xcconfig */,
				E7691B329B835F350FA01815 /* Pods-iosTests.release.xcconfig */,
			);
			path = Pods;
			sourceTree = "<group>";
		};
		FDDD49AEDDB93D0CFF24C8EF /* Frameworks */ = {
			isa = PBXGroup;
			children = (
				D02A50BC2BD4C3EB1BA17DCD /* Pods_ios.framework */,
				D5994B3136A2A97ACE99F9F2 /* Pods_ios_iosUITests.framework */,
				CDF6318EC965C8B7AA7E8C12 /* Pods_iosTests.framework */,
			);
			name = Frameworks;
			sourceTree = "<group>";
		};
/* End PBXGroup section */

/* Begin PBXNativeTarget section */
		91F8817429431C4000EC0935 /* ios */ = {
			isa = PBXNativeTarget;
			buildConfigurationList = 91F8819E29431C4100EC0935 /* Build configuration list for PBXNativeTarget "ios" */;
			buildPhases = (
				4FADFD02D875060B4F20F5E6 /* [CP] Check Pods Manifest.lock */,
				91F8817129431C4000EC0935 /* Sources */,
				91F8817229431C4000EC0935 /* Frameworks */,
				91F8817329431C4000EC0935 /* Resources */,
			);
			buildRules = (
			);
			dependencies = (
			);
			name = ios;
			productName = ios;
			productReference = 91F8817529431C4000EC0935 /* ios.app */;
			productType = "com.apple.product-type.application";
		};
		91F8818929431C4100EC0935 /* iosTests */ = {
			isa = PBXNativeTarget;
			buildConfigurationList = 91F881A129431C4100EC0935 /* Build configuration list for PBXNativeTarget "iosTests" */;
			buildPhases = (
				4718FEF03A57C9145A8D69D1 /* [CP] Check Pods Manifest.lock */,
				91F8818629431C4100EC0935 /* Sources */,
				91F8818729431C4100EC0935 /* Frameworks */,
				91F8818829431C4100EC0935 /* Resources */,
			);
			buildRules = (
			);
			dependencies = (
				91F8818C29431C4100EC0935 /* PBXTargetDependency */,
			);
			name = iosTests;
			productName = iosTests;
			productReference = 91F8818A29431C4100EC0935 /* iosTests.xctest */;
			productType = "com.apple.product-type.bundle.unit-test";
		};
		91F8819329431C4100EC0935 /* iosUITests */ = {
			isa = PBXNativeTarget;
			buildConfigurationList = 91F881A429431C4100EC0935 /* Build configuration list for PBXNativeTarget "iosUITests" */;
			buildPhases = (
				8625F9866AA1169854FE8132 /* [CP] Check Pods Manifest.lock */,
				91F8819029431C4100EC0935 /* Sources */,
				91F8819129431C4100EC0935 /* Frameworks */,
				91F8819229431C4100EC0935 /* Resources */,
			);
			buildRules = (
			);
			dependencies = (
				91F8819629431C4100EC0935 /* PBXTargetDependency */,
			);
			name = iosUITests;
			productName = iosUITests;
			productReference = 91F8819429431C4100EC0935 /* iosUITests.xctest */;
			productType = "com.apple.product-type.bundle.ui-testing";
		};
/* End PBXNativeTarget section */

/* Begin PBXProject section */
		91F8816D29431C4000EC0935 /* Project object */ = {
			isa = PBXProject;
			attributes = {
				BuildIndependentTargetsInParallel = 1;
				LastSwiftUpdateCheck = 1410;
				LastUpgradeCheck = 1410;
				TargetAttributes = {
					91F8817429431C4000EC0935 = {
						CreatedOnToolsVersion = 14.1;
					};
					91F8818929431C4100EC0935 = {
						CreatedOnToolsVersion = 14.1;
						TestTargetID = 91F8817429431C4000EC0935;
					};
					91F8819329431C4100EC0935 = {
						CreatedOnToolsVersion = 14.1;
						TestTargetID = 91F8817429431C4000EC0935;
					};
				};
			};
			buildConfigurationList = 91F8817029431C4000EC0935 /* Build configuration list for PBXProject "ios" */;
			compatibilityVersion = "Xcode 14.0";
			developmentRegion = en;
			hasScannedForEncodings = 0;
			knownRegions = (
				en,
				Base,
			);
			mainGroup = 91F8816C29431C4000EC0935;
			productRefGroup = 91F8817629431C4000EC0935 /* Products */;
			projectDirPath = "";
			projectRoot = "";
			targets = (
				91F8817429431C4000EC0935 /* ios */,
				91F8818929431C4100EC0935 /* iosTests */,
				91F8819329431C4100EC0935 /* iosUITests */,
			);
		};
/* End PBXProject section */

/* Begin PBXResourcesBuildPhase section */
		91F8817329431C4000EC0935 /* Resources */ = {
			isa = PBXResourcesBuildPhase;
			buildActionMask = 2147483647;
			files = (
				91F8818029431C4100EC0935 /* Preview Assets.xcassets in Resources */,
				91F8817D29431C4100EC0935 /* Assets.xcassets in Resources */,
			);
			runOnlyForDeploymentPostprocessing = 0;
		};
		91F8818829431C4100EC0935 /* Resources */ = {
			isa = PBXResourcesBuildPhase;
			buildActionMask = 2147483647;
			files = (
			);
			runOnlyForDeploymentPostprocessing = 0;
		};
		91F8819229431C4100EC0935 /* Resources */ = {
			isa = PBXResourcesBuildPhase;
			buildActionMask = 2147483647;
			files = (
			);
			runOnlyForDeploymentPostprocessing = 0;
		};
/* End PBXResourcesBuildPhase section */

/* Begin PBXShellScriptBuildPhase section */
		4718FEF03A57C9145A8D69D1 /* [CP] Check Pods Manifest.lock */ = {
			isa = PBXShellScriptBuildPhase;
			buildActionMask = 2147483647;
			files = (
			);
			inputFileListPaths = (
			);
			inputPaths = (
				"${PODS_PODFILE_DIR_PATH}/Podfile.lock",
				"${PODS_ROOT}/Manifest.lock",
			);
			name = "[CP] Check Pods Manifest.lock";
			outputFileListPaths = (
			);
			outputPaths = (
				"$(DERIVED_FILE_DIR)/Pods-iosTests-checkManifestLockResult.txt",
			);
			runOnlyForDeploymentPostprocessing = 0;
			shellPath = /bin/sh;
			shellScript = "diff \"${PODS_PODFILE_DIR_PATH}/Podfile.lock\" \"${PODS_ROOT}/Manifest.lock\" > /dev/null\nif [ $? != 0 ] ; then\n    # print error to STDERR\n    echo \"error: The sandbox is not in sync with the Podfile.lock. Run 'pod install' or update your CocoaPods installation.\" >&2\n    exit 1\nfi\n# This output is used by Xcode 'outputs' to avoid re-running this script phase.\necho \"SUCCESS\" > \"${SCRIPT_OUTPUT_FILE_0}\"\n";
			showEnvVarsInLog = 0;
		};
		4FADFD02D875060B4F20F5E6 /* [CP] Check Pods Manifest.lock */ = {
			isa = PBXShellScriptBuildPhase;
			buildActionMask = 2147483647;
			files = (
			);
			inputFileListPaths = (
			);
			inputPaths = (
				"${PODS_PODFILE_DIR_PATH}/Podfile.lock",
				"${PODS_ROOT}/Manifest.lock",
			);
			name = "[CP] Check Pods Manifest.lock";
			outputFileListPaths = (
			);
			outputPaths = (
				"$(DERIVED_FILE_DIR)/Pods-ios-checkManifestLockResult.txt",
			);
			runOnlyForDeploymentPostprocessing = 0;
			shellPath = /bin/sh;
			shellScript = "diff \"${PODS_PODFILE_DIR_PATH}/Podfile.lock\" \"${PODS_ROOT}/Manifest.lock\" > /dev/null\nif [ $? != 0 ] ; then\n    # print error to STDERR\n    echo \"error: The sandbox is not in sync with the Podfile.lock. Run 'pod install' or update your CocoaPods installation.\" >&2\n    exit 1\nfi\n# This output is used by Xcode 'outputs' to avoid re-running this script phase.\necho \"SUCCESS\" > \"${SCRIPT_OUTPUT_FILE_0}\"\n";
			showEnvVarsInLog = 0;
		};
		8625F9866AA1169854FE8132 /* [CP] Check Pods Manifest.lock */ = {
			isa = PBXShellScriptBuildPhase;
			buildActionMask = 2147483647;
			files = (
			);
			inputFileListPaths = (
			);
			inputPaths = (
				"${PODS_PODFILE_DIR_PATH}/Podfile.lock",
				"${PODS_ROOT}/Manifest.lock",
			);
			name = "[CP] Check Pods Manifest.lock";
			outputFileListPaths = (
			);
			outputPaths = (
				"$(DERIVED_FILE_DIR)/Pods-ios-iosUITests-checkManifestLockResult.txt",
			);
			runOnlyForDeploymentPostprocessing = 0;
			shellPath = /bin/sh;
			shellScript = "diff \"${PODS_PODFILE_DIR_PATH}/Podfile.lock\" \"${PODS_ROOT}/Manifest.lock\" > /dev/null\nif [ $? != 0 ] ; then\n    # print error to STDERR\n    echo \"error: The sandbox is not in sync with the Podfile.lock. Run 'pod install' or update your CocoaPods installation.\" >&2\n    exit 1\nfi\n# This output is used by Xcode 'outputs' to avoid re-running this script phase.\necho \"SUCCESS\" > \"${SCRIPT_OUTPUT_FILE_0}\"\n";
			showEnvVarsInLog = 0;
		};
/* End PBXShellScriptBuildPhase section */

/* Begin PBXSourcesBuildPhase section */
		91F8817129431C4000EC0935 /* Sources */ = {
			isa = PBXSourcesBuildPhase;
			buildActionMask = 2147483647;
			files = (
				91F8818229431C4100EC0935 /* Persistence.swift in Sources */,
				91F8817B29431C4000EC0935 /* ContentView.swift in Sources */,
				91F8817929431C4000EC0935 /* iosApp.swift in Sources */,
				91F8818529431C4100EC0935 /* ios.xcdatamodeld in Sources */,
			);
			runOnlyForDeploymentPostprocessing = 0;
		};
		91F8818629431C4100EC0935 /* Sources */ = {
			isa = PBXSourcesBuildPhase;
			buildActionMask = 2147483647;
			files = (
				91F8818F29431C4100EC0935 /* iosTests.swift in Sources */,
			);
			runOnlyForDeploymentPostprocessing = 0;
		};
		91F8819029431C4100EC0935 /* Sources */ = {
			isa = PBXSourcesBuildPhase;
			buildActionMask = 2147483647;
			files = (
				91F8819B29431C4100EC0935 /* iosUITestsLaunchTests.swift in Sources */,
				91F8819929431C4100EC0935 /* iosUITests.swift in Sources */,
			);
			runOnlyForDeploymentPostprocessing = 0;
		};
/* End PBXSourcesBuildPhase section */

/* Begin PBXTargetDependency section */
		91F8818C29431C4100EC0935 /* PBXTargetDependency */ = {
			isa = PBXTargetDependency;
			target = 91F8817429431C4000EC0935 /* ios */;
			targetProxy = 91F8818B29431C4100EC0935 /* PBXContainerItemProxy */;
		};
		91F8819629431C4100EC0935 /* PBXTargetDependency */ = {
			isa = PBXTargetDependency;
			target = 91F8817429431C4000EC0935 /* ios */;
			targetProxy = 91F8819529431C4100EC0935 /* PBXContainerItemProxy */;
		};
/* End PBXTargetDependency section */

/* Begin XCBuildConfiguration section */
		91F8819C29431C4100EC0935 /* Debug */ = {
			isa = XCBuildConfiguration;
			buildSettings = {
				ALWAYS_SEARCH_USER_PATHS = NO;
				CLANG_ANALYZER_NONNULL = YES;
				CLANG_ANALYZER_NUMBER_OBJECT_CONVERSION = YES_AGGRESSIVE;
				CLANG_CXX_LANGUAGE_STANDARD = "gnu++20";
				CLANG_ENABLE_MODULES = YES;
				CLANG_ENABLE_OBJC_ARC = YES;
				CLANG_ENABLE_OBJC_WEAK = YES;
				CLANG_WARN_BLOCK_CAPTURE_AUTORELEASING = YES;
				CLANG_WARN_BOOL_CONVERSION = YES;
				CLANG_WARN_COMMA = YES;
				CLANG_WARN_CONSTANT_CONVERSION = YES;
				CLANG_WARN_DEPRECATED_OBJC_IMPLEMENTATIONS = YES;
				CLANG_WARN_DIRECT_OBJC_ISA_USAGE = YES_ERROR;
				CLANG_WARN_DOCUMENTATION_COMMENTS = YES;
				CLANG_WARN_EMPTY_BODY = YES;
				CLANG_WARN_ENUM_CONVERSION = YES;
				CLANG_WARN_INFINITE_RECURSION = YES;
				CLANG_WARN_INT_CONVERSION = YES;
				CLANG_WARN_NON_LITERAL_NULL_CONVERSION = YES;
				CLANG_WARN_OBJC_IMPLICIT_RETAIN_SELF = YES;
				CLANG_WARN_OBJC_LITERAL_CONVERSION = YES;
				CLANG_WARN_OBJC_ROOT_CLASS = YES_ERROR;
				CLANG_WARN_QUOTED_INCLUDE_IN_FRAMEWORK_HEADER = YES;
				CLANG_WARN_RANGE_LOOP_ANALYSIS = YES;
				CLANG_WARN_STRICT_PROTOTYPES = YES;
				CLANG_WARN_SUSPICIOUS_MOVE = YES;
				CLANG_WARN_UNGUARDED_AVAILABILITY = YES_AGGRESSIVE;
				CLANG_WARN_UNREACHABLE_CODE = YES;
				CLANG_WARN__DUPLICATE_METHOD_MATCH = YES;
				COPY_PHASE_STRIP = NO;
				DEBUG_INFORMATION_FORMAT = dwarf;
				ENABLE_STRICT_OBJC_MSGSEND = YES;
				ENABLE_TESTABILITY = YES;
				GCC_C_LANGUAGE_STANDARD = gnu11;
				GCC_DYNAMIC_NO_PIC = NO;
				GCC_NO_COMMON_BLOCKS = YES;
				GCC_OPTIMIZATION_LEVEL = 0;
				GCC_PREPROCESSOR_DEFINITIONS = (
					"DEBUG=1",
					"$(inherited)",
				);
				GCC_WARN_64_TO_32_BIT_CONVERSION = YES;
				GCC_WARN_ABOUT_RETURN_TYPE = YES_ERROR;
				GCC_WARN_UNDECLARED_SELECTOR = YES;
				GCC_WARN_UNINITIALIZED_AUTOS = YES_AGGRESSIVE;
				GCC_WARN_UNUSED_FUNCTION = YES;
				GCC_WARN_UNUSED_VARIABLE = YES;
				IPHONEOS_DEPLOYMENT_TARGET = 16.1;
				MTL_ENABLE_DEBUG_INFO = INCLUDE_SOURCE;
				MTL_FAST_MATH = YES;
				ONLY_ACTIVE_ARCH = YES;
				SDKROOT = iphoneos;
				SWIFT_ACTIVE_COMPILATION_CONDITIONS = DEBUG;
				SWIFT_OPTIMIZATION_LEVEL = "-Onone";
			};
			name = Debug;
		};
		91F8819D29431C4100EC0935 /* Release */ = {
			isa = XCBuildConfiguration;
			buildSettings = {
				ALWAYS_SEARCH_USER_PATHS = NO;
				CLANG_ANALYZER_NONNULL = YES;
				CLANG_ANALYZER_NUMBER_OBJECT_CONVERSION = YES_AGGRESSIVE;
				CLANG_CXX_LANGUAGE_STANDARD = "gnu++20";
				CLANG_ENABLE_MODULES = YES;
				CLANG_ENABLE_OBJC_ARC = YES;
				CLANG_ENABLE_OBJC_WEAK = YES;
				CLANG_WARN_BLOCK_CAPTURE_AUTORELEASING = YES;
				CLANG_WARN_BOOL_CONVERSION = YES;
				CLANG_WARN_COMMA = YES;
				CLANG_WARN_CONSTANT_CONVERSION = YES;
				CLANG_WARN_DEPRECATED_OBJC_IMPLEMENTATIONS = YES;
				CLANG_WARN_DIRECT_OBJC_ISA_USAGE = YES_ERROR;
				CLANG_WARN_DOCUMENTATION_COMMENTS = YES;
				CLANG_WARN_EMPTY_BODY = YES;
				CLANG_WARN_ENUM_CONVERSION = YES;
				CLANG_WARN_INFINITE_RECURSION = YES;
				CLANG_WARN_INT_CONVERSION = YES;
				CLANG_WARN_NON_LITERAL_NULL_CONVERSION = YES;
				CLANG_WARN_OBJC_IMPLICIT_RETAIN_SELF = YES;
				CLANG_WARN_OBJC_LITERAL_CONVERSION = YES;
				CLANG_WARN_OBJC_ROOT_CLASS = YES_ERROR;
				CLANG_WARN_QUOTED_INCLUDE_IN_FRAMEWORK_HEADER = YES;
				CLANG_WARN_RANGE_LOOP_ANALYSIS = YES;
				CLANG_WARN_STRICT_PROTOTYPES = YES;
				CLANG_WARN_SUSPICIOUS_MOVE = YES;
				CLANG_WARN_UNGUARDED_AVAILABILITY = YES_AGGRESSIVE;
				CLANG_WARN_UNREACHABLE_CODE = YES;
				CLANG_WARN__DUPLICATE_METHOD_MATCH = YES;
				COPY_PHASE_STRIP = NO;
				DEBUG_INFORMATION_FORMAT = "dwarf-with-dsym";
				ENABLE_NS_ASSERTIONS = NO;
				ENABLE_STRICT_OBJC_MSGSEND = YES;
				GCC_C_LANGUAGE_STANDARD = gnu11;
				GCC_NO_COMMON_BLOCKS = YES;
				GCC_WARN_64_TO_32_BIT_CONVERSION = YES;
				GCC_WARN_ABOUT_RETURN_TYPE = YES_ERROR;
				GCC_WARN_UNDECLARED_SELECTOR = YES;
				GCC_WARN_UNINITIALIZED_AUTOS = YES_AGGRESSIVE;
				GCC_WARN_UNUSED_FUNCTION = YES;
				GCC_WARN_UNUSED_VARIABLE = YES;
				IPHONEOS_DEPLOYMENT_TARGET = 16.1;
				MTL_ENABLE_DEBUG_INFO = NO;
				MTL_FAST_MATH = YES;
				SDKROOT = iphoneos;
				SWIFT_COMPILATION_MODE = wholemodule;
				SWIFT_OPTIMIZATION_LEVEL = "-O";
				VALIDATE_PRODUCT = YES;
			};
			name = Release;
		};
		91F8819F29431C4100EC0935 /* Debug */ = {
			isa = XCBuildConfiguration;
			baseConfigurationReference = EC6E0EE7E35463612742A0D6 /* Pods-ios.debug.xcconfig */;
			buildSettings = {
				ASSETCATALOG_COMPILER_APPICON_NAME = AppIcon;
				ASSETCATALOG_COMPILER_GLOBAL_ACCENT_COLOR_NAME = AccentColor;
				CODE_SIGN_STYLE = Automatic;
				CURRENT_PROJECT_VERSION = 1;
				DEVELOPMENT_ASSET_PATHS = "\"ios/Preview Content\"";
				DEVELOPMENT_TEAM = 89Q59LP47M;
				ENABLE_PREVIEWS = YES;
				FRAMEWORK_SEARCH_PATHS = "$(inherited)";
				GENERATE_INFOPLIST_FILE = YES;
				INFOPLIST_KEY_UIApplicationSceneManifest_Generation = YES;
				INFOPLIST_KEY_UIApplicationSupportsIndirectInputEvents = YES;
				INFOPLIST_KEY_UILaunchScreen_Generation = YES;
				INFOPLIST_KEY_UISupportedInterfaceOrientations_iPad = "UIInterfaceOrientationPortrait UIInterfaceOrientationPortraitUpsideDown UIInterfaceOrientationLandscapeLeft UIInterfaceOrientationLandscapeRight";
				INFOPLIST_KEY_UISupportedInterfaceOrientations_iPhone = "UIInterfaceOrientationPortrait UIInterfaceOrientationLandscapeLeft UIInterfaceOrientationLandscapeRight";
				LD_RUNPATH_SEARCH_PATHS = (
					"$(inherited)",
					"@executable_path/Frameworks",
				);
				MARKETING_VERSION = 1.0;
				OTHER_LDFLAGS = "$(inherited)";
				PRODUCT_BUNDLE_IDENTIFIER = com.henryxu.openaikotlin.ios;
				PRODUCT_NAME = "$(TARGET_NAME)";
				SWIFT_EMIT_LOC_STRINGS = YES;
				SWIFT_VERSION = 5.0;
				TARGETED_DEVICE_FAMILY = "1,2";
			};
			name = Debug;
		};
		91F881A029431C4100EC0935 /* Release */ = {
			isa = XCBuildConfiguration;
			baseConfigurationReference = 9EEB303A95FDF16DF8E769E3 /* Pods-ios.release.xcconfig */;
			buildSettings = {
				ASSETCATALOG_COMPILER_APPICON_NAME = AppIcon;
				ASSETCATALOG_COMPILER_GLOBAL_ACCENT_COLOR_NAME = AccentColor;
				CODE_SIGN_STYLE = Automatic;
				CURRENT_PROJECT_VERSION = 1;
				DEVELOPMENT_ASSET_PATHS = "\"ios/Preview Content\"";
				DEVELOPMENT_TEAM = 89Q59LP47M;
				ENABLE_PREVIEWS = YES;
				FRAMEWORK_SEARCH_PATHS = "$(inherited)";
				GENERATE_INFOPLIST_FILE = YES;
				INFOPLIST_KEY_UIApplicationSceneManifest_Generation = YES;
				INFOPLIST_KEY_UIApplicationSupportsIndirectInputEvents = YES;
				INFOPLIST_KEY_UILaunchScreen_Generation = YES;
				INFOPLIST_KEY_UISupportedInterfaceOrientations_iPad = "UIInterfaceOrientationPortrait UIInterfaceOrientationPortraitUpsideDown UIInterfaceOrientationLandscapeLeft UIInterfaceOrientationLandscapeRight";
				INFOPLIST_KEY_UISupportedInterfaceOrientations_iPhone = "UIInterfaceOrientationPortrait UIInterfaceOrientationLandscapeLeft UIInterfaceOrientationLandscapeRight";
				LD_RUNPATH_SEARCH_PATHS = (
					"$(inherited)",
					"@executable_path/Frameworks",
				);
				MARKETING_VERSION = 1.0;
				OTHER_LDFLAGS = "$(inherited)";
				PRODUCT_BUNDLE_IDENTIFIER = com.henryxu.openaikotlin.ios;
				PRODUCT_NAME = "$(TARGET_NAME)";
				SWIFT_EMIT_LOC_STRINGS = YES;
				SWIFT_VERSION = 5.0;
				TARGETED_DEVICE_FAMILY = "1,2";
			};
			name = Release;
		};
		91F881A229431C4100EC0935 /* Debug */ = {
			isa = XCBuildConfiguration;
			baseConfigurationReference = 82C53DDCB23B05DFBB2C906D /* Pods-iosTests.debug.xcconfig */;
			buildSettings = {
				ALWAYS_EMBED_SWIFT_STANDARD_LIBRARIES = YES;
				BUNDLE_LOADER = "$(TEST_HOST)";
				CODE_SIGN_STYLE = Automatic;
				CURRENT_PROJECT_VERSION = 1;
				DEVELOPMENT_TEAM = 89Q59LP47M;
				GENERATE_INFOPLIST_FILE = YES;
				IPHONEOS_DEPLOYMENT_TARGET = 16.1;
				MARKETING_VERSION = 1.0;
				PRODUCT_BUNDLE_IDENTIFIER = com.henryxu.openaikotlin.iosTests;
				PRODUCT_NAME = "$(TARGET_NAME)";
				SWIFT_EMIT_LOC_STRINGS = NO;
				SWIFT_VERSION = 5.0;
				TARGETED_DEVICE_FAMILY = "1,2";
				TEST_HOST = "$(BUILT_PRODUCTS_DIR)/ios.app/$(BUNDLE_EXECUTABLE_FOLDER_PATH)/ios";
			};
			name = Debug;
		};
		91F881A329431C4100EC0935 /* Release */ = {
			isa = XCBuildConfiguration;
			baseConfigurationReference = E7691B329B835F350FA01815 /* Pods-iosTests.release.xcconfig */;
			buildSettings = {
				ALWAYS_EMBED_SWIFT_STANDARD_LIBRARIES = YES;
				BUNDLE_LOADER = "$(TEST_HOST)";
				CODE_SIGN_STYLE = Automatic;
				CURRENT_PROJECT_VERSION = 1;
				DEVELOPMENT_TEAM = 89Q59LP47M;
				GENERATE_INFOPLIST_FILE = YES;
				IPHONEOS_DEPLOYMENT_TARGET = 16.1;
				MARKETING_VERSION = 1.0;
				PRODUCT_BUNDLE_IDENTIFIER = com.henryxu.openaikotlin.iosTests;
				PRODUCT_NAME = "$(TARGET_NAME)";
				SWIFT_EMIT_LOC_STRINGS = NO;
				SWIFT_VERSION = 5.0;
				TARGETED_DEVICE_FAMILY = "1,2";
				TEST_HOST = "$(BUILT_PRODUCTS_DIR)/ios.app/$(BUNDLE_EXECUTABLE_FOLDER_PATH)/ios";
			};
			name = Release;
		};
		91F881A529431C4100EC0935 /* Debug */ = {
			isa = XCBuildConfiguration;
			baseConfigurationReference = BE1B846BA3DB9716310D5654 /* Pods-ios-iosUITests.debug.xcconfig */;
			buildSettings = {
				ALWAYS_EMBED_SWIFT_STANDARD_LIBRARIES = YES;
				CODE_SIGN_STYLE = Automatic;
				CURRENT_PROJECT_VERSION = 1;
				DEVELOPMENT_TEAM = 89Q59LP47M;
				GENERATE_INFOPLIST_FILE = YES;
				MARKETING_VERSION = 1.0;
				PRODUCT_BUNDLE_IDENTIFIER = com.henryxu.openaikotlin.iosUITests;
				PRODUCT_NAME = "$(TARGET_NAME)";
				SWIFT_EMIT_LOC_STRINGS = NO;
				SWIFT_VERSION = 5.0;
				TARGETED_DEVICE_FAMILY = "1,2";
				TEST_TARGET_NAME = ios;
			};
			name = Debug;
		};
		91F881A629431C4100EC0935 /* Release */ = {
			isa = XCBuildConfiguration;
			baseConfigurationReference = EF9D71162D1D75C81D13EB13 /* Pods-ios-iosUITests.release.xcconfig */;
			buildSettings = {
				ALWAYS_EMBED_SWIFT_STANDARD_LIBRARIES = YES;
				CODE_SIGN_STYLE = Automatic;
				CURRENT_PROJECT_VERSION = 1;
				DEVELOPMENT_TEAM = 89Q59LP47M;
				GENERATE_INFOPLIST_FILE = YES;
				MARKETING_VERSION = 1.0;
				PRODUCT_BUNDLE_IDENTIFIER = com.henryxu.openaikotlin.iosUITests;
				PRODUCT_NAME = "$(TARGET_NAME)";
				SWIFT_EMIT_LOC_STRINGS = NO;
				SWIFT_VERSION = 5.0;
				TARGETED_DEVICE_FAMILY = "1,2";
				TEST_TARGET_NAME = ios;
			};
			name = Release;
		};
/* End XCBuildConfiguration section */

/* Begin XCConfigurationList section */
		91F8817029431C4000EC0935 /* Build configuration list for PBXProject "ios" */ = {
			isa = XCConfigurationList;
			buildConfigurations = (
				91F8819C29431C4100EC0935 /* Debug */,
				91F8819D29431C4100EC0935 /* Release */,
			);
			defaultConfigurationIsVisible = 0;
			defaultConfigurationName = Release;
		};
		91F8819E29431C4100EC0935 /* Build configuration list for PBXNativeTarget "ios" */ = {
			isa = XCConfigurationList;
			buildConfigurations = (
				91F8819F29431C4100EC0935 /* Debug */,
				91F881A029431C4100EC0935 /* Release */,
			);
			defaultConfigurationIsVisible = 0;
			defaultConfigurationName = Release;
		};
		91F881A129431C4100EC0935 /* Build configuration list for PBXNativeTarget "iosTests" */ = {
			isa = XCConfigurationList;
			buildConfigurations = (
				91F881A229431C4100EC0935 /* Debug */,
				91F881A329431C4100EC0935 /* Release */,
			);
			defaultConfigurationIsVisible = 0;
			defaultConfigurationName = Release;
		};
		91F881A429431C4100EC0935 /* Build configuration list for PBXNativeTarget "iosUITests" */ = {
			isa = XCConfigurationList;
			buildConfigurations = (
				91F881A529431C4100EC0935 /* Debug */,
				91F881A629431C4100EC0935 /* Release */,
			);
			defaultConfigurationIsVisible = 0;
			defaultConfigurationName = Release;
		};
/* End XCConfigurationList section */

/* Begin XCVersionGroup section */
		91F8818329431C4100EC0935 /* ios.xcdatamodeld */ = {
			isa = XCVersionGroup;
			children = (
				91F8818429431C4100EC0935 /* ios.xcdatamodel */,
			);
			currentVersion = 91F8818429431C4100EC0935 /* ios.xcdatamodel */;
			path = ios.xcdatamodeld;
			sourceTree = "<group>";
			versionGroupType = wrapper.xcdatamodel;
		};
/* End XCVersionGroup section */
	};
	rootObject = 91F8816D29431C4000EC0935 /* Project object */;
}
